
Microsoft Visual Studio Solution File, Format Version 12.00
# Visual Studio Version 16
VisualStudioVersion = 16.0.28621.142
MinimumVisualStudioVersion = 10.0.40219.1
Project("{9A19103F-16F7-4668-BE54-9A1E7A4F7556}") = "Faolan", "Faolan\Faolan.csproj", "{79222BCD-5D5F-47A6-A84A-8E501CFA1520}"
EndProject
Project("{9A19103F-16F7-4668-BE54-9A1E7A4F7556}") = "Faolan.Core", "Faolan.Core\Faolan.Core.csproj", "{8F960929-5303-4947-909C-6D979D033F64}"
EndProject
Project("{9A19103F-16F7-4668-BE54-9A1E7A4F7556}") = "Faolan.PacketAnalyzer", "Faolan.PacketAnalyzer\Faolan.PacketAnalyzer.csproj", "{D6F37D11-422F-48D0-B4E1-62101E4D227A}"
EndProject
Global
	GlobalSection(SolutionConfigurationPlatforms) = preSolution
		Debug|Any CPU = Debug|Any CPU
		Release|Any CPU = Release|Any CPU
	EndGlobalSection
	GlobalSection(ProjectConfigurationPlatforms) = postSolution
		{79222BCD-5D5F-47A6-A84A-8E501CFA1520}.Debug|Any CPU.ActiveCfg = Debug|Any CPU
		{79222BCD-5D5F-47A6-A84A-8E501CFA1520}.Debug|Any CPU.Build.0 = Debug|Any CPU
		{79222BCD-5D5F-47A6-A84A-8E501CFA1520}.Release|Any CPU.ActiveCfg = Release|Any CPU
		{79222BCD-5D5F-47A6-A84A-8E501CFA1520}.Release|Any CPU.Build.0 = Release|Any CPU
		{8F960929-5303-4947-909C-6D979D033F64}.Debug|Any CPU.ActiveCfg = Debug|Any CPU
		{8F960929-5303-4947-909C-6D979D033F64}.Debug|Any CPU.Build.0 = Debug|Any CPU
		{8F960929-5303-4947-909C-6D979D033F64}.Release|Any CPU.ActiveCfg = Release|Any CPU
		{8F960929-5303-4947-909C-6D979D033F64}.Release|Any CPU.Build.0 = Release|Any CPU
		{D6F37D11-422F-48D0-B4E1-62101E4D227A}.Debug|Any CPU.ActiveCfg = Debug|Any CPU
		{D6F37D11-422F-48D0-B4E1-62101E4D227A}.Debug|Any CPU.Build.0 = Debug|Any CPU
		{D6F37D11-422F-48D0-B4E1-62101E4D227A}.Release|Any CPU.ActiveCfg = Release|Any CPU
		{D6F37D11-422F-48D0-B4E1-62101E4D227A}.Release|Any CPU.Build.0 = Release|Any CPU
	EndGlobalSection
	GlobalSection(SolutionProperties) = preSolution
		HideSolutionNode = FALSE
	EndGlobalSection
	GlobalSection(ExtensibilityGlobals) = postSolution
		SolutionGuid = {1232EF40-8718-490F-96A0-080E1B1F99BE}
	EndGlobalSection
EndGlobal
