// !$*UTF8*$!
{
	archiveVersion = 1;
	classes = {
	};
	objectVersion = 46;
	objects = {

/* Begin PBXBuildFile section */
		DC2D9B7815E4652100663E82 /* libboost_program_options-mt.a in Frameworks */ = {isa = PBXBuildFile; fileRef = DC2D9B7415E4652100663E82 /* libboost_program_options-mt.a */; };
		DC2D9B7915E4652100663E82 /* libboost_system-mt.a in Frameworks */ = {isa = PBXBuildFile; fileRef = DC2D9B7515E4652100663E82 /* libboost_system-mt.a */; };
		DC2D9B7A15E4652100663E82 /* libboost_thread-mt.a in Frameworks */ = {isa = PBXBuildFile; fileRef = DC2D9B7615E4652100663E82 /* libboost_thread-mt.a */; };
		DC2D9B7B15E4652100663E82 /* libmysqlclient.a in Frameworks */ = {isa = PBXBuildFile; fileRef = DC2D9B7715E4652100663E82 /* libmysqlclient.a */; };
		DCA3E69C15E3CD800010E124 /* main.cpp in Sources */ = {isa = PBXBuildFile; fileRef = DCA3E69815E3CD800010E124 /* main.cpp */; };
		DCA3E69D15E3CD800010E124 /* UniverseAgentPackets.cpp in Sources */ = {isa = PBXBuildFile; fileRef = DCA3E69915E3CD800010E124 /* UniverseAgentPackets.cpp */; };
		DCA3E69E15E3CD800010E124 /* UniverseConnection.cpp in Sources */ = {isa = PBXBuildFile; fileRef = DCA3E69A15E3CD800010E124 /* UniverseConnection.cpp */; };
		DCA3E71F15E3CDB40010E124 /* libCommon.a in Frameworks */ = {isa = PBXBuildFile; fileRef = DCA3E71E15E3CDB40010E124 /* libCommon.a */; };
/* End PBXBuildFile section */

/* Begin PBXCopyFilesBuildPhase section */
		DC1ED75815E3CA4D000E6E4F /* CopyFiles */ = {
			isa = PBXCopyFilesBuildPhase;
			buildActionMask = 2147483647;
			dstPath = /usr/share/man/man1/;
			dstSubfolderSpec = 0;
			files = (
			);
			runOnlyForDeploymentPostprocessing = 1;
		};
/* End PBXCopyFilesBuildPhase section */

/* Begin PBXFileReference section */
		DC1ED75A15E3CA4D000E6E4F /* UniverseAgent */ = {isa = PBXFileReference; explicitFileType = "compiled.mach-o.executable"; includeInIndex = 0; path = UniverseAgent; sourceTree = BUILT_PRODUCTS_DIR; };
		DC2D9B7415E4652100663E82 /* libboost_program_options-mt.a */ = {isa = PBXFileReference; lastKnownFileType = archive.ar; name = "libboost_program_options-mt.a"; path = "../../../../../../../OSX/opt/local/lib/libboost_program_options-mt.a"; sourceTree = "<group>"; };
		DC2D9B7515E4652100663E82 /* libboost_system-mt.a */ = {isa = PBXFileReference; lastKnownFileType = archive.ar; name = "libboost_system-mt.a"; path = "../../../../../../../OSX/opt/local/lib/libboost_system-mt.a"; sourceTree = "<group>"; };
		DC2D9B7615E4652100663E82 /* libboost_thread-mt.a */ = {isa = PBXFileReference; lastKnownFileType = archive.ar; name = "libboost_thread-mt.a"; path = "../../../../../../../OSX/opt/local/lib/libboost_thread-mt.a"; sourceTree = "<group>"; };
		DC2D9B7715E4652100663E82 /* libmysqlclient.a */ = {isa = PBXFileReference; lastKnownFileType = archive.ar; name = libmysqlclient.a; path = ../../../../../../../OSX/opt/local/lib/libmysqlclient.a; sourceTree = "<group>"; };
		DCA3E69815E3CD800010E124 /* main.cpp */ = {isa = PBXFileReference; fileEncoding = 4; lastKnownFileType = sourcecode.cpp.cpp; path = main.cpp; sourceTree = "<group>"; };
		DCA3E69915E3CD800010E124 /* UniverseAgentPackets.cpp */ = {isa = PBXFileReference; fileEncoding = 4; lastKnownFileType = sourcecode.cpp.cpp; path = UniverseAgentPackets.cpp; sourceTree = "<group>"; };
		DCA3E69A15E3CD800010E124 /* UniverseConnection.cpp */ = {isa = PBXFileReference; fileEncoding = 4; lastKnownFileType = sourcecode.cpp.cpp; path = UniverseConnection.cpp; sourceTree = "<group>"; };
		DCA3E69B15E3CD800010E124 /* UniverseConnection.h */ = {isa = PBXFileReference; fileEncoding = 4; lastKnownFileType = sourcecode.c.h; path = UniverseConnection.h; sourceTree = "<group>"; };
		DCA3E71E15E3CDB40010E124 /* libCommon.a */ = {isa = PBXFileReference; lastKnownFileType = archive.ar; name = libCommon.a; path = build/Release/libCommon.a; sourceTree = "<group>"; };
/* End PBXFileReference section */

/* Begin PBXFrameworksBuildPhase section */
		DC1ED75715E3CA4D000E6E4F /* Frameworks */ = {
			isa = PBXFrameworksBuildPhase;
			buildActionMask = 2147483647;
			files = (
				DC2D9B7815E4652100663E82 /* libboost_program_options-mt.a in Frameworks */,
				DC2D9B7915E4652100663E82 /* libboost_system-mt.a in Frameworks */,
				DC2D9B7A15E4652100663E82 /* libboost_thread-mt.a in Frameworks */,
				DC2D9B7B15E4652100663E82 /* libmysqlclient.a in Frameworks */,
				DCA3E71F15E3CDB40010E124 /* libCommon.a in Frameworks */,
			);
			runOnlyForDeploymentPostprocessing = 0;
		};
/* End PBXFrameworksBuildPhase section */

/* Begin PBXGroup section */
		DC1ED74F15E3CA4D000E6E4F = {
			isa = PBXGroup;
			children = (
				DCA3E72115E3CDD00010E124 /* Libraries */,
				DCA3E69715E3CD800010E124 /* UniverseAgent */,
				DC1ED75B15E3CA4D000E6E4F /* Products */,
			);
			sourceTree = "<group>";
		};
		DC1ED75B15E3CA4D000E6E4F /* Products */ = {
			isa = PBXGroup;
			children = (
				DC1ED75A15E3CA4D000E6E4F /* UniverseAgent */,
			);
			name = Products;
			sourceTree = "<group>";
		};
		DCA3E69715E3CD800010E124 /* UniverseAgent */ = {
			isa = PBXGroup;
			children = (
				DCA3E69815E3CD800010E124 /* main.cpp */,
				DCA3E69915E3CD800010E124 /* UniverseAgentPackets.cpp */,
				DCA3E69A15E3CD800010E124 /* UniverseConnection.cpp */,
				DCA3E69B15E3CD800010E124 /* UniverseConnection.h */,
			);
			name = UniverseAgent;
			path = ../../src/UniverseAgent;
			sourceTree = "<group>";
		};
		DCA3E72115E3CDD00010E124 /* Libraries */ = {
			isa = PBXGroup;
			children = (
				DC2D9B7415E4652100663E82 /* libboost_program_options-mt.a */,
				DC2D9B7515E4652100663E82 /* libboost_system-mt.a */,
				DC2D9B7615E4652100663E82 /* libboost_thread-mt.a */,
				DC2D9B7715E4652100663E82 /* libmysqlclient.a */,
				DCA3E71E15E3CDB40010E124 /* libCommon.a */,
			);
			name = Libraries;
			sourceTree = "<group>";
		};
/* End PBXGroup section */

/* Begin PBXNativeTarget section */
		DC1ED75915E3CA4D000E6E4F /* UniverseAgent */ = {
			isa = PBXNativeTarget;
			buildConfigurationList = DC1ED76415E3CA4D000E6E4F /* Build configuration list for PBXNativeTarget "UniverseAgent" */;
			buildPhases = (
				DC1ED75615E3CA4D000E6E4F /* Sources */,
				DC1ED75715E3CA4D000E6E4F /* Frameworks */,
				DC1ED75815E3CA4D000E6E4F /* CopyFiles */,
			);
			buildRules = (
			);
			dependencies = (
			);
			name = UniverseAgent;
			productName = UniverseAgent;
			productReference = DC1ED75A15E3CA4D000E6E4F /* UniverseAgent */;
			productType = "com.apple.product-type.tool";
		};
/* End PBXNativeTarget section */

/* Begin PBXProject section */
		DC1ED75115E3CA4D000E6E4F /* Project object */ = {
			isa = PBXProject;
			attributes = {
				LastUpgradeCheck = 0440;
				ORGANIZATIONNAME = "Project Faolan";
			};
			buildConfigurationList = DC1ED75415E3CA4D000E6E4F /* Build configuration list for PBXProject "UniverseAgent" */;
			compatibilityVersion = "Xcode 3.2";
			developmentRegion = English;
			hasScannedForEncodings = 0;
			knownRegions = (
				en,
			);
			mainGroup = DC1ED74F15E3CA4D000E6E4F;
			productRefGroup = DC1ED75B15E3CA4D000E6E4F /* Products */;
			projectDirPath = "";
			projectRoot = "";
			targets = (
				DC1ED75915E3CA4D000E6E4F /* UniverseAgent */,
			);
		};
/* End PBXProject section */

/* Begin PBXSourcesBuildPhase section */
		DC1ED75615E3CA4D000E6E4F /* Sources */ = {
			isa = PBXSourcesBuildPhase;
			buildActionMask = 2147483647;
			files = (
				DCA3E69C15E3CD800010E124 /* main.cpp in Sources */,
				DCA3E69D15E3CD800010E124 /* UniverseAgentPackets.cpp in Sources */,
				DCA3E69E15E3CD800010E124 /* UniverseConnection.cpp in Sources */,
			);
			runOnlyForDeploymentPostprocessing = 0;
		};
/* End PBXSourcesBuildPhase section */

/* Begin XCBuildConfiguration section */
		DC1ED76215E3CA4D000E6E4F /* Debug */ = {
			isa = XCBuildConfiguration;
			buildSettings = {
				ALWAYS_SEARCH_USER_PATHS = NO;
				ARCHS = "$(ARCHS_STANDARD_64_BIT)";
				CLANG_CXX_LANGUAGE_STANDARD = "gnu++0x";
				CLANG_WARN__DUPLICATE_METHOD_MATCH = YES;
				COPY_PHASE_STRIP = NO;
				GCC_C_LANGUAGE_STANDARD = gnu99;
				GCC_DYNAMIC_NO_PIC = NO;
				GCC_ENABLE_OBJC_EXCEPTIONS = YES;
				GCC_OPTIMIZATION_LEVEL = 0;
				GCC_PREPROCESSOR_DEFINITIONS = (
					"DEBUG=1",
					"$(inherited)",
				);
				GCC_SYMBOLS_PRIVATE_EXTERN = NO;
				GCC_WARN_64_TO_32_BIT_CONVERSION = YES;
				GCC_WARN_ABOUT_RETURN_TYPE = YES;
				GCC_WARN_UNINITIALIZED_AUTOS = YES;
				GCC_WARN_UNUSED_VARIABLE = YES;
				MACOSX_DEPLOYMENT_TARGET = 10.8;
				ONLY_ACTIVE_ARCH = YES;
				SDKROOT = macosx;
			};
			name = Debug;
		};
		DC1ED76315E3CA4D000E6E4F /* Release */ = {
			isa = XCBuildConfiguration;
			buildSettings = {
				ALWAYS_SEARCH_USER_PATHS = NO;
				ARCHS = "$(ARCHS_STANDARD_64_BIT)";
				CLANG_CXX_LANGUAGE_STANDARD = "gnu++0x";
				CLANG_WARN__DUPLICATE_METHOD_MATCH = YES;
				COPY_PHASE_STRIP = YES;
				DEBUG_INFORMATION_FORMAT = "dwarf-with-dsym";
				GCC_C_LANGUAGE_STANDARD = gnu99;
				GCC_ENABLE_OBJC_EXCEPTIONS = YES;
				GCC_WARN_64_TO_32_BIT_CONVERSION = YES;
				GCC_WARN_ABOUT_RETURN_TYPE = YES;
				GCC_WARN_UNINITIALIZED_AUTOS = YES;
				GCC_WARN_UNUSED_VARIABLE = YES;
				MACOSX_DEPLOYMENT_TARGET = 10.8;
				SDKROOT = macosx;
			};
			name = Release;
		};
		DC1ED76515E3CA4D000E6E4F /* Debug */ = {
			isa = XCBuildConfiguration;
			buildSettings = {
				ARCHS = "$(ARCHS_STANDARD_64_BIT)";
				HEADER_SEARCH_PATHS = /opt/local/include;
				LIBRARY_SEARCH_PATHS = /opt/local/lib;
				PRODUCT_NAME = "$(TARGET_NAME)";
			};
			name = Debug;
		};
		DC1ED76615E3CA4D000E6E4F /* Release */ = {
			isa = XCBuildConfiguration;
			buildSettings = {
				ARCHS = "$(ARCHS_STANDARD_64_BIT)";
				HEADER_SEARCH_PATHS = /opt/local/include;
				LIBRARY_SEARCH_PATHS = /opt/local/lib;
				PRODUCT_NAME = "$(TARGET_NAME)";
			};
			name = Release;
		};
/* End XCBuildConfiguration section */

/* Begin XCConfigurationList section */
		DC1ED75415E3CA4D000E6E4F /* Build configuration list for PBXProject "UniverseAgent" */ = {
			isa = XCConfigurationList;
			buildConfigurations = (
				DC1ED76215E3CA4D000E6E4F /* Debug */,
				DC1ED76315E3CA4D000E6E4F /* Release */,
			);
			defaultConfigurationIsVisible = 0;
			defaultConfigurationName = Release;
		};
		DC1ED76415E3CA4D000E6E4F /* Build configuration list for PBXNativeTarget "UniverseAgent" */ = {
			isa = XCConfigurationList;
			buildConfigurations = (
				DC1ED76515E3CA4D000E6E4F /* Debug */,
				DC1ED76615E3CA4D000E6E4F /* Release */,
			);
			defaultConfigurationIsVisible = 0;
			defaultConfigurationName = Release;
		};
/* End XCConfigurationList section */
	};
	rootObject = DC1ED75115E3CA4D000E6E4F /* Project object */;
}
