
Microsoft Visual Studio Solution File, Format Version 12.00
# Visual Studio 14
VisualStudioVersion = 14.0.24720.0
MinimumVisualStudioVersion = 10.0.40219.1
Project("{FAE04EC0-301F-11D3-BF4B-00C04F79EFBC}") = "UniverseAgent", "Servers\UniverseAgent\UniverseAgent.csproj", "{F515CE95-6A3F-4E5E-867A-899FFFC90D43}"
EndProject
Project("{FAE04EC0-301F-11D3-BF4B-00C04F79EFBC}") = "LibFaolan", "LibFaolan\LibFaolan.csproj", "{7F7D3248-4432-4E7B-9CFD-25982668AD5B}"
EndProject
Project("{FAE04EC0-301F-11D3-BF4B-00C04F79EFBC}") = "PlayerAgent", "Servers\PlayerAgent\PlayerAgent.csproj", "{33E85A49-22D5-48FA-A38F-CA84F726B517}"
EndProject
Project("{FAE04EC0-301F-11D3-BF4B-00C04F79EFBC}") = "CSPlayerAgent", "Servers\CSPlayerAgent\CSPlayerAgent.csproj", "{B5DAAAA0-39B6-489E-8F9D-FDD24FDD04D3}"
EndProject
Project("{FAE04EC0-301F-11D3-BF4B-00C04F79EFBC}") = "GameServer", "Servers\GameServer\GameServer.csproj", "{B5DAAAA0-39B6-489E-8F9D-FDD24FDD04D4}"
EndProject
Project("{FAE04EC0-301F-11D3-BF4B-00C04F79EFBC}") = "AgentServer", "Servers\AgentServer\AgentServer.csproj", "{B5DAAAA0-39B6-489E-8F9D-FDD24FFF04D3}"
EndProject
Project("{FAE04EC0-301F-11D3-BF4B-00C04F79EFBC}") = "Project Faolan", "Project Faolan\Project Faolan.csproj", "{67D4E872-389A-4848-86C2-FCB198DD92C5}"
EndProject
Project("{2150E333-8FDC-42A3-9474-1A3956D46DE8}") = "Servers", "Servers", "{0A27DB03-A9A6-4220-9543-A508E78917D9}"
EndProject
Global
	GlobalSection(SolutionConfigurationPlatforms) = preSolution
		Debug|x64 = Debug|x64
	EndGlobalSection
	GlobalSection(ProjectConfigurationPlatforms) = postSolution
		{F515CE95-6A3F-4E5E-867A-899FFFC90D43}.Debug|x64.ActiveCfg = Debug|x64
		{F515CE95-6A3F-4E5E-867A-899FFFC90D43}.Debug|x64.Build.0 = Debug|x64
		{7F7D3248-4432-4E7B-9CFD-25982668AD5B}.Debug|x64.ActiveCfg = Debug|x64
		{7F7D3248-4432-4E7B-9CFD-25982668AD5B}.Debug|x64.Build.0 = Debug|x64
		{33E85A49-22D5-48FA-A38F-CA84F726B517}.Debug|x64.ActiveCfg = Debug|x64
		{33E85A49-22D5-48FA-A38F-CA84F726B517}.Debug|x64.Build.0 = Debug|x64
		{B5DAAAA0-39B6-489E-8F9D-FDD24FDD04D3}.Debug|x64.ActiveCfg = Debug|x64
		{B5DAAAA0-39B6-489E-8F9D-FDD24FDD04D3}.Debug|x64.Build.0 = Debug|x64
		{B5DAAAA0-39B6-489E-8F9D-FDD24FDD04D4}.Debug|x64.ActiveCfg = Debug|x64
		{B5DAAAA0-39B6-489E-8F9D-FDD24FDD04D4}.Debug|x64.Build.0 = Debug|x64
		{B5DAAAA0-39B6-489E-8F9D-FDD24FFF04D3}.Debug|x64.ActiveCfg = Debug|x64
		{B5DAAAA0-39B6-489E-8F9D-FDD24FFF04D3}.Debug|x64.Build.0 = Debug|x64
		{67D4E872-389A-4848-86C2-FCB198DD92C5}.Debug|x64.ActiveCfg = Debug|x64
		{67D4E872-389A-4848-86C2-FCB198DD92C5}.Debug|x64.Build.0 = Debug|x64
	EndGlobalSection
	GlobalSection(SolutionProperties) = preSolution
		HideSolutionNode = FALSE
	EndGlobalSection
	GlobalSection(NestedProjects) = preSolution
		{F515CE95-6A3F-4E5E-867A-899FFFC90D43} = {0A27DB03-A9A6-4220-9543-A508E78917D9}
		{33E85A49-22D5-48FA-A38F-CA84F726B517} = {0A27DB03-A9A6-4220-9543-A508E78917D9}
		{B5DAAAA0-39B6-489E-8F9D-FDD24FDD04D3} = {0A27DB03-A9A6-4220-9543-A508E78917D9}
		{B5DAAAA0-39B6-489E-8F9D-FDD24FDD04D4} = {0A27DB03-A9A6-4220-9543-A508E78917D9}
		{B5DAAAA0-39B6-489E-8F9D-FDD24FFF04D3} = {0A27DB03-A9A6-4220-9543-A508E78917D9}
	EndGlobalSection
EndGlobal
